# This file is automatically generated by fishy.
# It is not intended for manual editing.

version = 1

[[commits]]
entry_hash = "00202e7227bf9a154f7a82ef2b0bccb56b837a758fdf2578a36abc6a8de9381e5ad3"
entry = "00818530f41f0741177703f2b683135d646184c2842cbeb2be8d1bdb6005e8d41c00013200204151e3cef3996f7e61430398452f8f278154110f8d42ee78bf9c2e08e5a2c1a8ff0eb1a4ccede6ea667dcf004de41cb929dae58be419a2ee64baeab692e3424574639e37d79a5cd37e6018cf353f32c2e3615f74141a314c77d058f451a1240c"
operation = "840100781a736368656d615f6669656c645f646566696e6974696f6e5f7631a2646e616d6563616765647479706563696e74"

[[commits]]
entry_hash = "002095243f887505f7bb631312aa9390d518c5d4a8ef9d0340b067a0360ff622b469"
entry = "00818530f41f0741177703f2b683135d646184c2842cbeb2be8d1bdb6005e8d41c0101330020d71ccd9dd038adefad3260a41223e484edbc32e5c96b41df467c36bbd8c1d84b267ec9f75138ac3cab266ce13a85121f439d1fedbdd7be4751faf6b56bf94f5da1963c889cc6c5de07d20a475e1bc4783d4641224a833caf1d202d3cfef74a03"
operation = "840100781a736368656d615f6669656c645f646566696e6974696f6e5f7631a2646e616d65646e616d65647479706563737472"

[[commits]]
entry_hash = "002002414c39d7f6ff5069007012b4cee8b28ae7688457ebae573c2243e4b05f1776"
entry = "00818530f41f0741177703f2b683135d646184c2842cbeb2be8d1bdb6005e8d41c0201e80020be03f79730c543b400501a6d43f4d63c6f714579923e626cec2807b29587467887e39158f1bf102c9a8a1b8353f09cefeae1fd75096022316b5343bb43c192377fe8b4c35114e4e2afa45e79e2e4819b9dc2e52c98b97b0b5d663bf81c0b9207"
operation = "84010074736368656d615f646566696e6974696f6e5f7631a36b6465736372697074696f6e781f4120706572736f6e277320696e666f726d6174696f6e20666f722064656d6f666669656c64738281784430303230326537323237626639613135346637613832656632623062636362353662383337613735386664663235373861333661626336613864653933383165356164338178443030323039353234336638383735303566376262363331333132616139333930643531386335643461386566396430333430623036376130333630666636323262343639646e616d6566706572736f6e"
