# This file is automatically generated by fishy.
# It is not intended for manual editing.

version = 1

[[commits]]
entry_hash = "0020c933b2cc15417f5541a856dd4b1e752839e6d6776a3c2a9165a2e9e1bea51bb9"
entry = "004fa988fe8a830530c1ddf85081942a8558cef369fa7e25d42c91ece24ccfc64d000136002090420f7e9e4736119c02ae0394c3c1f07f6198b44d1484eff0f1ed4e4e0524bd67ced249dd1a975a6336a6a8265bc05e0865af8bfac7b870b1126ca7fa9aaccdf0c377c610c505e12bc6e8a2dec2bae983cc7a343259bbcee33b30594bc3710b"
operation = "840100781a736368656d615f6669656c645f646566696e6974696f6e5f7631a2646e616d6567636f6e74656e74647479706563737472"

[[commits]]
entry_hash = "00207e2aca82f1d8a86b852bc627e103c79d3f8eb4b622350754d508c2b75178a386"
entry = "004fa988fe8a830530c1ddf85081942a8558cef369fa7e25d42c91ece24ccfc64d01013e002057dcb02f8b5cf86a8735c115a51c8e9299ba9f27044d52f16498b6514546efccc6a253147370e8752e80bd62b77ade636f7919dd5bd62a32e89e18101eb947d63a2f5b1007fff498702882eeb03a77c5b1ac78b69747e3644629b4498dcf210b"
operation = "840100781a736368656d615f6669656c645f646566696e6974696f6e5f7631a2646e616d656f636f6e74656e745f70726576696577647479706563737472"

[[commits]]
entry_hash = "00201391ab4faabba70f122888f53320d7ee27f6f1faf283021ec5285c1b402b9d0a"
entry = "004fa988fe8a830530c1ddf85081942a8558cef369fa7e25d42c91ece24ccfc64d02013a0020551ebb23cf3287fec47513d48aabf83720967c278532175a69f91f7d9d36626ccf25fe4b01d7907b08aed01042d5a71ae0e52a3297d02150a32f567cb89b3906ad204a7fa8e6c7951e3616715c4a565bd9fec16db6c098e7499f2eb2bebbc00c"
operation = "840100781a736368656d615f6669656c645f646566696e6974696f6e5f7631a2646e616d656b6372656174655f74696d65647479706563696e74"

[[commits]]
entry_hash = "002068d968075be2227333fc2089e23b4dd819bf49cfe1997dabd75d37998ba08643"
entry = "004fa988fe8a830530c1ddf85081942a8558cef369fa7e25d42c91ece24ccfc64d0301380020040bbc57c7b0acdd96d0b8fb01692855cba12547924321fd1c1aaa61998415d5581b45d67e3b4b11fe9c3529575944564a9c344f4ff7bd7a468d0bddc5feb0c124dc1224108683a346e5073e37fb4ef308e55394495bbde773cfb90809a08001"
operation = "840100781a736368656d615f6669656c645f646566696e6974696f6e5f7631a2646e616d6569646174615f74797065647479706563737472"

[[commits]]
entry_hash = "0020debcd84b58db5c84b088c76f5c830cbfe0607a7ba9d28a266be6d821d11277c6"
entry = "004fa988fe8a830530c1ddf85081942a8558cef369fa7e25d42c91ece24ccfc64d0401390020ebc2b28f8283a53b23435069c2af69686bbc37e88b9c6c5e9e1b876cdfe5035e9e54957667225a57fdb3d37dcb5fadc23368399fa25e905d90a62d914ab4ea86a21f9a155fc29e860b8a5b033b1d682c1069ea4af000e4e4fcc58312f5110b03"
operation = "840100781a736368656d615f6669656c645f646566696e6974696f6e5f7631a2646e616d656a69735f64656c65746564647479706563696e74"

[[commits]]
entry_hash = "0020c546798e85de4557078df3dba07d43103c6d23728ab72565b84f487ff113fbf5"
entry = "004fa988fe8a830530c1ddf85081942a8558cef369fa7e25d42c91ece24ccfc64d05013a002020a08c6f6a575ac7c79063c3408310b86a027db191340b4514418f19aad972f3b993fa6c7d83e708319b1ac4000e5385881531359ad3f253c9c5f23701ff2924a6a780d8807c687336c053c5cd5b9a1a207cf1ec53f621d0ebef308a42fbd905"
operation = "840100781a736368656d615f6669656c645f646566696e6974696f6e5f7631a2646e616d656b69735f6661766f72697465647479706563696e74"

[[commits]]
entry_hash = "00206f0682c84febc24a537f6d39c9a42c34c8b935e04eed738858797868cdf0bfab"
entry = "004fa988fe8a830530c1ddf85081942a8558cef369fa7e25d42c91ece24ccfc64d06013a0020a6380db32187fd5d524e22fb00c2271e11e8be64299015d91a5cf6de0f5cde258b8c72473b6c921d1ed8b057af4d97231544454b84bc786af7bf4e16dc088730697aeb770e38ebd48379e3dcfde0ac3047a33b5beacd27eb2dc5fbe1c6f7da09"
operation = "840100781a736368656d615f6669656c645f646566696e6974696f6e5f7631a2646e616d656b6c61746573745f61646472647479706563737472"

[[commits]]
entry_hash = "002011b9583ea55661fd96f1b3511c7c0089db0ce97d92fd878e30beb4a9bc7c9208"
entry = "004fa988fe8a830530c1ddf85081942a8558cef369fa7e25d42c91ece24ccfc64d070132002007b577e8628bb17bf1ed0cc4da32f209747822948347ba374d4848ee0b3b0ab717e88a04df51884eb15527d929ad8cbcafd14edd23f5235beed42cbd93d42582e04bea31bbe5bac53eeb7822ff15e089baf3ddf8284ea4165c0fbf13b722f00f"
operation = "840100781a736368656d615f6669656c645f646566696e6974696f6e5f7631a2646e616d65636d6435647479706563737472"

[[commits]]
entry_hash = "002007e9314e85a30b202c2a637c6f475c716a5e5c479a18c374f92a75afac228b7a"
entry = "004fa988fe8a830530c1ddf85081942a8558cef369fa7e25d42c91ece24ccfc64d0801330020bb139f9f1eed6ce5f96a4ac9fbb746093be3f968dc3d031c5ec7c410849bbe4596bcaed95fde0aa217c9e7e0f09e154207da662a72f1a2a33d64b1bfe9c5e85466b7a34f6317f0b88491640deebb4a1768380172f9b307212fe1be370f7b1707"
operation = "840100781a736368656d615f6669656c645f646566696e6974696f6e5f7631a2646e616d656474616773647479706563737472"

[[commits]]
entry_hash = "002017915c937c1c44d1d6a7bc6697b2760396843676cc418a02b481fb08009e099f"
entry = "004fa988fe8a830530c1ddf85081942a8558cef369fa7e25d42c91ece24ccfc64d0901f902d400208fe979f84a2bed3fe5453609229434f3ad845b49914cef1323a79db97216cfdcfcdc808c946bc12aa3c79d95761edbaca64e1a8e2471eeb1e973ec849cd0b8006df62e8408088d73c827bad43214c030f80dab7afa3ccb4480996ec52c6d2401"
operation = "84010074736368656d615f646566696e6974696f6e5f7631a36b6465736372697074696f6e781a436c6970626f617264207265636f726420646f63756d656e7473666669656c647389817844303032306339333362326363313534313766353534316138353664643462316537353238333965366436373736613363326139313635613265396531626561353162623981784430303230376532616361383266316438613836623835326263363237653130336337396433663865623462363232333530373534643530386332623735313738613338368178443030323031333931616234666161626261373066313232383838663533333230643765653237663666316661663238333032316563353238356331623430326239643061817844303032303638643936383037356265323232373333336663323038396532336234646438313962663439636665313939376461626437356433373939386261303836343381784430303230646562636438346235386462356338346230383863373666356338333063626665303630376137626139643238613236366265366438323164313132373763368178443030323063353436373938653835646534353537303738646633646261303764343331303363366432333732386162373235363562383466343837666631313366626635817844303032303666303638326338346665626332346135333766366433396339613432633334633862393335653034656564373338383538373937383638636466306266616281784430303230313162393538336561353536363166643936663162333531316337633030383964623063653937643932666438373865333062656234613962633763393230388178443030323030376539333134653835613330623230326332613633376336663437356337313661356535633437396131386333373466393261373561666163323238623761646e616d65667265636f7264"
